github.com/HugoBlox/kit/modules/blox v0.0.0-20260219145709-764756ab501c h1:0os5x5rYcF5qY36u/WOP5JSjKxWV7hpR734TrkQus84=
github.com/HugoBlox/kit/modules/blox v0.0.0-20260219145709-764756ab501c/go.mod h1:0F2Ss2NeylmaBP7+qx0U6zFPeMZ9NoLbAQakKXDqygo=
github.com/HugoBlox/kit/modules/integrations/netlify v0.0.0-20260102210655-66cba27dc652 h1:KdTgOy8hzPOUJcMyR6Tp2k3tyaJzoxz2e1zaddcG0uk=
github.com/HugoBlox/kit/modules/integrations/netlify v0.0.0-20260102210655-66cba27dc652/go.mod h1:UuppRGml2K1EmlDkN+HemycohgZLjOy0QPGYOnoPnY4=
github.com/HugoBlox/kit/modules/slides v0.0.0-20260219151239-9965378d1853 h1:P/dUMpwhqh6Pb3owkr7JJHosUIFi0TnJSqsI/5Ks3dc=
github.com/HugoBlox/kit/modules/slides v0.0.0-20260219151239-9965378d1853/go.mod h1:/XTQAtd2KCiwg/GVMAoSzKPf/DYPVbAAEysmBdWgYu4=
