{
  "name": "brendancostello.github.io",
  "lockfileVersion": 3,
  "requires": true,
  "packages": {
    "": {
      "dependencies": {
        "jupyter": "^0.0.0",
        "stemmer": "^2.0.1"
      }
    },
    "node_modules/jupyter": {
      "version": "0.0.0",
      "resolved": "https://registry.npmjs.org/jupyter/-/jupyter-0.0.0.tgz",
      "integrity": "sha512-nMBt9P20bs0zalSS85DZlv5s5lu/vA271VvKwj/mWRYRVONtxYclMnBht33qmLu+mN9UedpJme6T41Z8tcnrAg=="
    },
    "node_modules/stemmer": {
      "version": "2.0.1",
      "resolved": "https://registry.npmjs.org/stemmer/-/stemmer-2.0.1.tgz",
      "integrity": "sha512-bkWvSX2JR4nSZFfs113kd4C6X13bBBrg4fBKv2pVdzpdQI2LA5pZcWzTFNdkYsiUNl13E4EzymSRjZ0D55jBYg==",
      "bin": {
        "stemmer": "cli.js"
      },
      "funding": {
        "type": "github",
        "url": "https://github.com/sponsors/wooorm"
      }
    }
  }
}
