# THIS IS AN AUTOGENERATED FILE. DO NOT EDIT THIS FILE DIRECTLY.
# yarn lockfile v1


"@shopify/liquid-html-parser@^2.0.0":
  version "2.0.3"
  resolved "https://registry.yarnpkg.com/@shopify/liquid-html-parser/-/liquid-html-parser-2.0.3.tgz#fcf22fc8e8dcee7d0db98dfc9fdae36d8e00d24a"
  integrity sha512-aIkZ5TJWG7/ztd1sZm5XNpBNTG3B+Q0gv3WN/QahmNQzm2wmKYSHiRLOA8JALAnOGTmH0uqOJ7jzdqoATcZSxw==
  dependencies:
    line-column "^1.0.2"
    ohm-js "^16.3.0"

"@shopify/prettier-plugin-liquid@1.4.0":
  version "1.4.0"
  resolved "https://registry.yarnpkg.com/@shopify/prettier-plugin-liquid/-/prettier-plugin-liquid-1.4.0.tgz#7ed250115221d79832a232e90be31e69c44fc3eb"
  integrity sha512-Fd0QiPi0bpSapUG0plri1+bLew9j//Q0MFKkBjkIG4RTJC76dycVysf5Dy7JvbvIjSJ4YFxaT0PBW5v9O7JItQ==
  dependencies:
    "@shopify/liquid-html-parser" "^2.0.0"
    html-styles "^1.0.0"

html-styles@^1.0.0:
  version "1.0.0"
  resolved "https://registry.yarnpkg.com/html-styles/-/html-styles-1.0.0.tgz#a18061fd651f99c6b75c45c8e0549a3bc3e01a75"
  integrity sha512-cDl5dcj73oI4Hy0DSUNh54CAwslNLJRCCoO+RNkVo+sBrjA/0+7E/xzvj3zH/GxbbBLGJhE0hBe1eg+0FINC6w==

isarray@1.0.0, isarray@^1.0.0:
  version "1.0.0"
  resolved "https://registry.yarnpkg.com/isarray/-/isarray-1.0.0.tgz#bb935d48582cba168c06834957a54a3e07124f11"
  integrity sha512-VLghIWNM6ELQzo7zwmcg0NmTVyWKYjvIeM83yjp0wRDTmUnrM678fQbcKBo6n2CJEF0szoG//ytg+TKla89ALQ==

isobject@^2.0.0:
  version "2.1.0"
  resolved "https://registry.yarnpkg.com/isobject/-/isobject-2.1.0.tgz#f065561096a3f1da2ef46272f815c840d87e0c89"
  integrity sha512-+OUdGJlgjOBZDfxnDjYYG6zp487z0JGNQq3cYQYg5f5hKR+syHMsaztzGeml/4kGG55CSpKSpWTY+jYGgsHLgA==
  dependencies:
    isarray "1.0.0"

line-column@^1.0.2:
  version "1.0.2"
  resolved "https://registry.yarnpkg.com/line-column/-/line-column-1.0.2.tgz#d25af2936b6f4849172b312e4792d1d987bc34a2"
  integrity sha512-Ktrjk5noGYlHsVnYWh62FLVs4hTb8A3e+vucNZMgPeAOITdshMSgv4cCZQeRDjm7+goqmo6+liZwTXo+U3sVww==
  dependencies:
    isarray "^1.0.0"
    isobject "^2.0.0"

ohm-js@^16.3.0:
  version "16.6.0"
  resolved "https://registry.yarnpkg.com/ohm-js/-/ohm-js-16.6.0.tgz#a54508b002161b35d4feec2f628d5ab4e07d2f29"
  integrity sha512-X9P4koSGa7swgVQ0gt71UCYtkAQGOjciJPJAz74kDxWt8nXbH5HrDOQG6qBDH7SR40ktNv4x61BwpTDE9q4lRA==

prettier@3.1.1:
  version "3.1.1"
  resolved "https://registry.yarnpkg.com/prettier/-/prettier-3.1.1.tgz#6ba9f23165d690b6cbdaa88cb0807278f7019848"
  integrity sha512-22UbSzg8luF4UuZtzgiUOfcGM8s4tjBv6dJRT7j275NXsy2jb4aJa4NNveul5x4eqlF1wuhuR2RElK71RvmVaw==
